// !$*UTF8*$!
{
	archiveVersion = 1;
	classes = {
	};
	objectVersion = 48;
	objects = {

/* Begin PBXBuildFile section */
		0A433ADF1F4B80AD00714B02 /* PostTableViewCell.swift in Sources */ = {isa = PBXBuildFile; fileRef = 0A433ADE1F4B80AD00714B02 /* PostTableViewCell.swift */; };
		0A8978921F4B537F00F475E5 /* CircleView.swift in Sources */ = {isa = PBXBuildFile; fileRef = 0A8978911F4B537F00F475E5 /* CircleView.swift */; };
		0A8C6AE11F31890C00D4014E /* AppDelegate.swift in Sources */ = {isa = PBXBuildFile; fileRef = 0A8C6AE01F31890C00D4014E /* AppDelegate.swift */; };
		0A8C6AE31F31890C00D4014E /* LoginVC.swift in Sources */ = {isa = PBXBuildFile; fileRef = 0A8C6AE21F31890C00D4014E /* LoginVC.swift */; };
		0A8C6AE61F31890C00D4014E /* Main.storyboard in Resources */ = {isa = PBXBuildFile; fileRef = 0A8C6AE41F31890C00D4014E /* Main.storyboard */; };
		0A8C6AE91F31890C00D4014E /* socialapp.xcdatamodeld in Sources */ = {isa = PBXBuildFile; fileRef = 0A8C6AE71F31890C00D4014E /* socialapp.xcdatamodeld */; };
		0A8C6AEB1F31890C00D4014E /* Assets.xcassets in Resources */ = {isa = PBXBuildFile; fileRef = 0A8C6AEA1F31890C00D4014E /* Assets.xcassets */; };
		0A8C6AEE1F31890C00D4014E /* LaunchScreen.storyboard in Resources */ = {isa = PBXBuildFile; fileRef = 0A8C6AEC1F31890C00D4014E /* LaunchScreen.storyboard */; };
		0A8C6AF91F31890C00D4014E /* socialappTests.swift in Sources */ = {isa = PBXBuildFile; fileRef = 0A8C6AF81F31890C00D4014E /* socialappTests.swift */; };
		0A8C6B041F31890C00D4014E /* socialappUITests.swift in Sources */ = {isa = PBXBuildFile; fileRef = 0A8C6B031F31890C00D4014E /* socialappUITests.swift */; };
		0A906CC81F5331F7000E1081 /* DataService.swift in Sources */ = {isa = PBXBuildFile; fileRef = 0A906CC71F5331F7000E1081 /* DataService.swift */; };
		0A906CCA1F539034000E1081 /* Post.swift in Sources */ = {isa = PBXBuildFile; fileRef = 0A906CC91F539034000E1081 /* Post.swift */; };
		0AF90BC71F32C9FD000AFDFE /* GoogleService-Info.plist in Resources */ = {isa = PBXBuildFile; fileRef = 0AF90BC61F32C9FD000AFDFE /* GoogleService-Info.plist */; };
		0AF90BCC1F3552CF000AFDFE /* FancyView.swift in Sources */ = {isa = PBXBuildFile; fileRef = 0AF90BCB1F3552CF000AFDFE /* FancyView.swift */; };
		0AF90BCF1F3553C1000AFDFE /* Constants.swift in Sources */ = {isa = PBXBuildFile; fileRef = 0AF90BCE1F3553C1000AFDFE /* Constants.swift */; };
		0AF90BD11F355554000AFDFE /* RoundBtn.swift in Sources */ = {isa = PBXBuildFile; fileRef = 0AF90BD01F355554000AFDFE /* RoundBtn.swift */; };
		0AF90BD31F35585C000AFDFE /* FancyField.swift in Sources */ = {isa = PBXBuildFile; fileRef = 0AF90BD21F35585C000AFDFE /* FancyField.swift */; };
		0AF90BD51F355937000AFDFE /* FancyBtn.swift in Sources */ = {isa = PBXBuildFile; fileRef = 0AF90BD41F355937000AFDFE /* FancyBtn.swift */; };
		0AF90BD71F4A34F2000AFDFE /* FeedVC.swift in Sources */ = {isa = PBXBuildFile; fileRef = 0AF90BD61F4A34F2000AFDFE /* FeedVC.swift */; };
		5C23DF7B3C413583F08128B3 /* Pods_socialapp.framework in Frameworks */ = {isa = PBXBuildFile; fileRef = CBBD8738C72FDCF491A24434 /* Pods_socialapp.framework */; };
		A53CA1CE8887ACD7C8F9F49D /* Pods_socialappTests.framework in Frameworks */ = {isa = PBXBuildFile; fileRef = DB7D4F04A4144851816491D2 /* Pods_socialappTests.framework */; };
		D828E17A99FC4B1057404F1B /* Pods_socialappUITests.framework in Frameworks */ = {isa = PBXBuildFile; fileRef = A1080D3FF13E4112718C5ECB /* Pods_socialappUITests.framework */; };
/* End PBXBuildFile section */

/* Begin PBXContainerItemProxy section */
		0A8C6AF51F31890C00D4014E /* PBXContainerItemProxy */ = {
			isa = PBXContainerItemProxy;
			containerPortal = 0A8C6AD51F31890C00D4014E /* Project object */;
			proxyType = 1;
			remoteGlobalIDString = 0A8C6ADC1F31890C00D4014E;
			remoteInfo = socialapp;
		};
		0A8C6B001F31890C00D4014E /* PBXContainerItemProxy */ = {
			isa = PBXContainerItemProxy;
			containerPortal = 0A8C6AD51F31890C00D4014E /* Project object */;
			proxyType = 1;
			remoteGlobalIDString = 0A8C6ADC1F31890C00D4014E;
			remoteInfo = socialapp;
		};
/* End PBXContainerItemProxy section */

/* Begin PBXFileReference section */
		0A433ADE1F4B80AD00714B02 /* PostTableViewCell.swift */ = {isa = PBXFileReference; lastKnownFileType = sourcecode.swift; path = PostTableViewCell.swift; sourceTree = "<group>"; };
		0A8978911F4B537F00F475E5 /* CircleView.swift */ = {isa = PBXFileReference; lastKnownFileType = sourcecode.swift; path = CircleView.swift; sourceTree = "<group>"; };
		0A8C6ADD1F31890C00D4014E /* socialapp.app */ = {isa = PBXFileReference; explicitFileType = wrapper.application; includeInIndex = 0; path = socialapp.app; sourceTree = BUILT_PRODUCTS_DIR; };
		0A8C6AE01F31890C00D4014E /* AppDelegate.swift */ = {isa = PBXFileReference; lastKnownFileType = sourcecode.swift; path = AppDelegate.swift; sourceTree = "<group>"; };
		0A8C6AE21F31890C00D4014E /* LoginVC.swift */ = {isa = PBXFileReference; lastKnownFileType = sourcecode.swift; path = LoginVC.swift; sourceTree = "<group>"; };
		0A8C6AE51F31890C00D4014E /* Base */ = {isa = PBXFileReference; lastKnownFileType = file.storyboard; name = Base; path = Base.lproj/Main.storyboard; sourceTree = "<group>"; };
		0A8C6AE81F31890C00D4014E /* socialapp.xcdatamodel */ = {isa = PBXFileReference; lastKnownFileType = wrapper.xcdatamodel; path = socialapp.xcdatamodel; sourceTree = "<group>"; };
		0A8C6AEA1F31890C00D4014E /* Assets.xcassets */ = {isa = PBXFileReference; lastKnownFileType = folder.assetcatalog; path = Assets.xcassets; sourceTree = "<group>"; };
		0A8C6AED1F31890C00D4014E /* Base */ = {isa = PBXFileReference; lastKnownFileType = file.storyboard; name = Base; path = Base.lproj/LaunchScreen.storyboard; sourceTree = "<group>"; };
		0A8C6AEF1F31890C00D4014E /* Info.plist */ = {isa = PBXFileReference; lastKnownFileType = text.plist.xml; path = Info.plist; sourceTree = "<group>"; };
		0A8C6AF41F31890C00D4014E /* socialappTests.xctest */ = {isa = PBXFileReference; explicitFileType = wrapper.cfbundle; includeInIndex = 0; path = socialappTests.xctest; sourceTree = BUILT_PRODUCTS_DIR; };
		0A8C6AF81F31890C00D4014E /* socialappTests.swift */ = {isa = PBXFileReference; lastKnownFileType = sourcecode.swift; path = socialappTests.swift; sourceTree = "<group>"; };
		0A8C6AFA1F31890C00D4014E /* Info.plist */ = {isa = PBXFileReference; lastKnownFileType = text.plist.xml; path = Info.plist; sourceTree = "<group>"; };
		0A8C6AFF1F31890C00D4014E /* socialappUITests.xctest */ = {isa = PBXFileReference; explicitFileType = wrapper.cfbundle; includeInIndex = 0; path = socialappUITests.xctest; sourceTree = BUILT_PRODUCTS_DIR; };
		0A8C6B031F31890C00D4014E /* socialappUITests.swift */ = {isa = PBXFileReference; lastKnownFileType = sourcecode.swift; path = socialappUITests.swift; sourceTree = "<group>"; };
		0A8C6B051F31890C00D4014E /* Info.plist */ = {isa = PBXFileReference; lastKnownFileType = text.plist.xml; path = Info.plist; sourceTree = "<group>"; };
		0A906CC71F5331F7000E1081 /* DataService.swift */ = {isa = PBXFileReference; lastKnownFileType = sourcecode.swift; path = DataService.swift; sourceTree = "<group>"; };
		0A906CC91F539034000E1081 /* Post.swift */ = {isa = PBXFileReference; lastKnownFileType = sourcecode.swift; path = Post.swift; sourceTree = "<group>"; };
		0AF90BC61F32C9FD000AFDFE /* GoogleService-Info.plist */ = {isa = PBXFileReference; fileEncoding = 4; lastKnownFileType = text.plist.xml; path = "GoogleService-Info.plist"; sourceTree = "<group>"; };
		0AF90BCB1F3552CF000AFDFE /* FancyView.swift */ = {isa = PBXFileReference; lastKnownFileType = sourcecode.swift; path = FancyView.swift; sourceTree = "<group>"; };
		0AF90BCE1F3553C1000AFDFE /* Constants.swift */ = {isa = PBXFileReference; lastKnownFileType = sourcecode.swift; path = Constants.swift; sourceTree = "<group>"; };
		0AF90BD01F355554000AFDFE /* RoundBtn.swift */ = {isa = PBXFileReference; lastKnownFileType = sourcecode.swift; path = RoundBtn.swift; sourceTree = "<group>"; };
		0AF90BD21F35585C000AFDFE /* FancyField.swift */ = {isa = PBXFileReference; fileEncoding = 4; lastKnownFileType = sourcecode.swift; name = FancyField.swift; path = "../../../../../Downloads/devslopes-social-final-source-code/devslopes-social/FancyField.swift"; sourceTree = "<group>"; };
		0AF90BD41F355937000AFDFE /* FancyBtn.swift */ = {isa = PBXFileReference; fileEncoding = 4; lastKnownFileType = sourcecode.swift; name = FancyBtn.swift; path = "../../../../../Downloads/devslopes-social-final-source-code/devslopes-social/FancyBtn.swift"; sourceTree = "<group>"; };
		0AF90BD61F4A34F2000AFDFE /* FeedVC.swift */ = {isa = PBXFileReference; lastKnownFileType = sourcecode.swift; path = FeedVC.swift; sourceTree = "<group>"; };
		43C9079CA436405A295EFFA0 /* Pods-socialappTests.release.xcconfig */ = {isa = PBXFileReference; includeInIndex = 1; lastKnownFileType = text.xcconfig; name = "Pods-socialappTests.release.xcconfig"; path = "Pods/Target Support Files/Pods-socialappTests/Pods-socialappTests.release.xcconfig"; sourceTree = "<group>"; };
		6905D581FDDD3136F761F455 /* Pods-socialappUITests.debug.xcconfig */ = {isa = PBXFileReference; includeInIndex = 1; lastKnownFileType = text.xcconfig; name = "Pods-socialappUITests.debug.xcconfig"; path = "Pods/Target Support Files/Pods-socialappUITests/Pods-socialappUITests.debug.xcconfig"; sourceTree = "<group>"; };
		753636F653A5AE834E41648A /* Pods-socialappTests.debug.xcconfig */ = {isa = PBXFileReference; includeInIndex = 1; lastKnownFileType = text.xcconfig; name = "Pods-socialappTests.debug.xcconfig"; path = "Pods/Target Support Files/Pods-socialappTests/Pods-socialappTests.debug.xcconfig"; sourceTree = "<group>"; };
		75E23D8A10CB05B6E2DA2EDD /* Pods-socialapp.release.xcconfig */ = {isa = PBXFileReference; includeInIndex = 1; lastKnownFileType = text.xcconfig; name = "Pods-socialapp.release.xcconfig"; path = "Pods/Target Support Files/Pods-socialapp/Pods-socialapp.release.xcconfig"; sourceTree = "<group>"; };
		A1080D3FF13E4112718C5ECB /* Pods_socialappUITests.framework */ = {isa = PBXFileReference; explicitFileType = wrapper.framework; includeInIndex = 0; path = Pods_socialappUITests.framework; sourceTree = BUILT_PRODUCTS_DIR; };
		A3C3785B8C1B456E465B7403 /* Pods-socialappUITests.release.xcconfig */ = {isa = PBXFileReference; includeInIndex = 1; lastKnownFileType = text.xcconfig; name = "Pods-socialappUITests.release.xcconfig"; path = "Pods/Target Support Files/Pods-socialappUITests/Pods-socialappUITests.release.xcconfig"; sourceTree = "<group>"; };
		CBBD8738C72FDCF491A24434 /* Pods_socialapp.framework */ = {isa = PBXFileReference; explicitFileType = wrapper.framework; includeInIndex = 0; path = Pods_socialapp.framework; sourceTree = BUILT_PRODUCTS_DIR; };
		D852D44B5F50F1E34EAC3CBA /* Pods-socialapp.debug.xcconfig */ = {isa = PBXFileReference; includeInIndex = 1; lastKnownFileType = text.xcconfig; name = "Pods-socialapp.debug.xcconfig"; path = "Pods/Target Support Files/Pods-socialapp/Pods-socialapp.debug.xcconfig"; sourceTree = "<group>"; };
		DB7D4F04A4144851816491D2 /* Pods_socialappTests.framework */ = {isa = PBXFileReference; explicitFileType = wrapper.framework; includeInIndex = 0; path = Pods_socialappTests.framework; sourceTree = BUILT_PRODUCTS_DIR; };
/* End PBXFileReference section */

/* Begin PBXFrameworksBuildPhase section */
		0A8C6ADA1F31890C00D4014E /* Frameworks */ = {
			isa = PBXFrameworksBuildPhase;
			buildActionMask = 2147483647;
			files = (
				5C23DF7B3C413583F08128B3 /* Pods_socialapp.framework in Frameworks */,
			);
			runOnlyForDeploymentPostprocessing = 0;
		};
		0A8C6AF11F31890C00D4014E /* Frameworks */ = {
			isa = PBXFrameworksBuildPhase;
			buildActionMask = 2147483647;
			files = (
				A53CA1CE8887ACD7C8F9F49D /* Pods_socialappTests.framework in Frameworks */,
			);
			runOnlyForDeploymentPostprocessing = 0;
		};
		0A8C6AFC1F31890C00D4014E /* Frameworks */ = {
			isa = PBXFrameworksBuildPhase;
			buildActionMask = 2147483647;
			files = (
				D828E17A99FC4B1057404F1B /* Pods_socialappUITests.framework in Frameworks */,
			);
			runOnlyForDeploymentPostprocessing = 0;
		};
/* End PBXFrameworksBuildPhase section */

/* Begin PBXGroup section */
		0A8C6AD41F31890C00D4014E = {
			isa = PBXGroup;
			children = (
				0A8C6ADF1F31890C00D4014E /* socialapp */,
				0A8C6AF71F31890C00D4014E /* socialappTests */,
				0A8C6B021F31890C00D4014E /* socialappUITests */,
				0A8C6ADE1F31890C00D4014E /* Products */,
				9E8B2C1CDED31CEF68BE08DB /* Pods */,
				F6DC392703B0793106B2100B /* Frameworks */,
			);
			sourceTree = "<group>";
		};
		0A8C6ADE1F31890C00D4014E /* Products */ = {
			isa = PBXGroup;
			children = (
				0A8C6ADD1F31890C00D4014E /* socialapp.app */,
				0A8C6AF41F31890C00D4014E /* socialappTests.xctest */,
				0A8C6AFF1F31890C00D4014E /* socialappUITests.xctest */,
			);
			name = Products;
			sourceTree = "<group>";
		};
		0A8C6ADF1F31890C00D4014E /* socialapp */ = {
			isa = PBXGroup;
			children = (
				0A906CC61F5331B3000E1081 /* Services */,
				0AF90BCD1F3553A6000AFDFE /* Util */,
				0AF90BCA1F32D305000AFDFE /* Model */,
				0AF90BC81F32D2D0000AFDFE /* View */,
				0AF90BC91F32D2EF000AFDFE /* Controller */,
				0A8C6AE01F31890C00D4014E /* AppDelegate.swift */,
				0A8C6AE41F31890C00D4014E /* Main.storyboard */,
				0A8C6AEA1F31890C00D4014E /* Assets.xcassets */,
				0A8C6AEC1F31890C00D4014E /* LaunchScreen.storyboard */,
				0A8C6AEF1F31890C00D4014E /* Info.plist */,
				0AF90BC61F32C9FD000AFDFE /* GoogleService-Info.plist */,
				0A8C6AE71F31890C00D4014E /* socialapp.xcdatamodeld */,
			);
			path = socialapp;
			sourceTree = "<group>";
		};
		0A8C6AF71F31890C00D4014E /* socialappTests */ = {
			isa = PBXGroup;
			children = (
				0A8C6AF81F31890C00D4014E /* socialappTests.swift */,
				0A8C6AFA1F31890C00D4014E /* Info.plist */,
			);
			path = socialappTests;
			sourceTree = "<group>";
		};
		0A8C6B021F31890C00D4014E /* socialappUITests */ = {
			isa = PBXGroup;
			children = (
				0A8C6B031F31890C00D4014E /* socialappUITests.swift */,
				0A8C6B051F31890C00D4014E /* Info.plist */,
			);
			path = socialappUITests;
			sourceTree = "<group>";
		};
		0A906CC61F5331B3000E1081 /* Services */ = {
			isa = PBXGroup;
			children = (
				0A906CC71F5331F7000E1081 /* DataService.swift */,
			);
			path = Services;
			sourceTree = "<group>";
		};
		0AF90BC81F32D2D0000AFDFE /* View */ = {
			isa = PBXGroup;
			children = (
				0AF90BD41F355937000AFDFE /* FancyBtn.swift */,
				0AF90BD21F35585C000AFDFE /* FancyField.swift */,
				0AF90BCB1F3552CF000AFDFE /* FancyView.swift */,
				0AF90BD01F355554000AFDFE /* RoundBtn.swift */,
				0A8978911F4B537F00F475E5 /* CircleView.swift */,
				0A433ADE1F4B80AD00714B02 /* PostTableViewCell.swift */,
			);
			path = View;
			sourceTree = "<group>";
		};
		0AF90BC91F32D2EF000AFDFE /* Controller */ = {
			isa = PBXGroup;
			children = (
				0A8C6AE21F31890C00D4014E /* LoginVC.swift */,
				0AF90BD61F4A34F2000AFDFE /* FeedVC.swift */,
			);
			path = Controller;
			sourceTree = "<group>";
		};
		0AF90BCA1F32D305000AFDFE /* Model */ = {
			isa = PBXGroup;
			children = (
				0A906CC91F539034000E1081 /* Post.swift */,
			);
			path = Model;
			sourceTree = "<group>";
		};
		0AF90BCD1F3553A6000AFDFE /* Util */ = {
			isa = PBXGroup;
			children = (
				0AF90BCE1F3553C1000AFDFE /* Constants.swift */,
			);
			path = Util;
			sourceTree = "<group>";
		};
		9E8B2C1CDED31CEF68BE08DB /* Pods */ = {
			isa = PBXGroup;
			children = (
				D852D44B5F50F1E34EAC3CBA /* Pods-socialapp.debug.xcconfig */,
				75E23D8A10CB05B6E2DA2EDD /* Pods-socialapp.release.xcconfig */,
				753636F653A5AE834E41648A /* Pods-socialappTests.debug.xcconfig */,
				43C9079CA436405A295EFFA0 /* Pods-socialappTests.release.xcconfig */,
				6905D581FDDD3136F761F455 /* Pods-socialappUITests.debug.xcconfig */,
				A3C3785B8C1B456E465B7403 /* Pods-socialappUITests.release.xcconfig */,
			);
			name = Pods;
			sourceTree = "<group>";
		};
		F6DC392703B0793106B2100B /* Frameworks */ = {
			isa = PBXGroup;
			children = (
				CBBD8738C72FDCF491A24434 /* Pods_socialapp.framework */,
				DB7D4F04A4144851816491D2 /* Pods_socialappTests.framework */,
				A1080D3FF13E4112718C5ECB /* Pods_socialappUITests.framework */,
			);
			name = Frameworks;
			sourceTree = "<group>";
		};
/* End PBXGroup section */

/* Begin PBXNativeTarget section */
		0A8C6ADC1F31890C00D4014E /* socialapp */ = {
			isa = PBXNativeTarget;
			buildConfigurationList = 0A8C6B081F31890C00D4014E /* Build configuration list for PBXNativeTarget "socialapp" */;
			buildPhases = (
				83760C2DAD5CF483275C265A /* [CP] Check Pods Manifest.lock */,
				0A8C6AD91F31890C00D4014E /* Sources */,
				0A8C6ADA1F31890C00D4014E /* Frameworks */,
				0A8C6ADB1F31890C00D4014E /* Resources */,
				782E7BC07FA3B8E605464DAC /* [CP] Embed Pods Frameworks */,
				5C5C12E2F68AC4D9CCD530C4 /* [CP] Copy Pods Resources */,
			);
			buildRules = (
			);
			dependencies = (
			);
			name = socialapp;
			productName = socialapp;
			productReference = 0A8C6ADD1F31890C00D4014E /* socialapp.app */;
			productType = "com.apple.product-type.application";
		};
		0A8C6AF31F31890C00D4014E /* socialappTests */ = {
			isa = PBXNativeTarget;
			buildConfigurationList = 0A8C6B0B1F31890C00D4014E /* Build configuration list for PBXNativeTarget "socialappTests" */;
			buildPhases = (
				D5D88F744EC3193E994948B5 /* [CP] Check Pods Manifest.lock */,
				0A8C6AF01F31890C00D4014E /* Sources */,
				0A8C6AF11F31890C00D4014E /* Frameworks */,
				0A8C6AF21F31890C00D4014E /* Resources */,
				0607E309648D078ADB5407F8 /* [CP] Embed Pods Frameworks */,
				EC76906BF229A18C53BBDEAE /* [CP] Copy Pods Resources */,
			);
			buildRules = (
			);
			dependencies = (
				0A8C6AF61F31890C00D4014E /* PBXTargetDependency */,
			);
			name = socialappTests;
			productName = socialappTests;
			productReference = 0A8C6AF41F31890C00D4014E /* socialappTests.xctest */;
			productType = "com.apple.product-type.bundle.unit-test";
		};
		0A8C6AFE1F31890C00D4014E /* socialappUITests */ = {
			isa = PBXNativeTarget;
			buildConfigurationList = 0A8C6B0E1F31890C00D4014E /* Build configuration list for PBXNativeTarget "socialappUITests" */;
			buildPhases = (
				E8AD30121B0EA5203BCEEE60 /* [CP] Check Pods Manifest.lock */,
				0A8C6AFB1F31890C00D4014E /* Sources */,
				0A8C6AFC1F31890C00D4014E /* Frameworks */,
				0A8C6AFD1F31890C00D4014E /* Resources */,
				8B9DB9297EFDCD9F53D59C1C /* [CP] Embed Pods Frameworks */,
				496A9ABBD6BAF1A95F420880 /* [CP] Copy Pods Resources */,
			);
			buildRules = (
			);
			dependencies = (
				0A8C6B011F31890C00D4014E /* PBXTargetDependency */,
			);
			name = socialappUITests;
			productName = socialappUITests;
			productReference = 0A8C6AFF1F31890C00D4014E /* socialappUITests.xctest */;
			productType = "com.apple.product-type.bundle.ui-testing";
		};
/* End PBXNativeTarget section */

/* Begin PBXProject section */
		0A8C6AD51F31890C00D4014E /* Project object */ = {
			isa = PBXProject;
			attributes = {
				LastSwiftUpdateCheck = 0900;
				LastUpgradeCheck = 0900;
				ORGANIZATIONNAME = "shengtech Inc.";
				TargetAttributes = {
					0A8C6ADC1F31890C00D4014E = {
						CreatedOnToolsVersion = 9.0;
						ProvisioningStyle = Manual;
					};
					0A8C6AF31F31890C00D4014E = {
						CreatedOnToolsVersion = 9.0;
						TestTargetID = 0A8C6ADC1F31890C00D4014E;
					};
					0A8C6AFE1F31890C00D4014E = {
						CreatedOnToolsVersion = 9.0;
						TestTargetID = 0A8C6ADC1F31890C00D4014E;
					};
				};
			};
			buildConfigurationList = 0A8C6AD81F31890C00D4014E /* Build configuration list for PBXProject "socialapp" */;
			compatibilityVersion = "Xcode 8.0";
			developmentRegion = en;
			hasScannedForEncodings = 0;
			knownRegions = (
				en,
				Base,
			);
			mainGroup = 0A8C6AD41F31890C00D4014E;
			productRefGroup = 0A8C6ADE1F31890C00D4014E /* Products */;
			projectDirPath = "";
			projectRoot = "";
			targets = (
				0A8C6ADC1F31890C00D4014E /* socialapp */,
				0A8C6AF31F31890C00D4014E /* socialappTests */,
				0A8C6AFE1F31890C00D4014E /* socialappUITests */,
			);
		};
/* End PBXProject section */

/* Begin PBXResourcesBuildPhase section */
		0A8C6ADB1F31890C00D4014E /* Resources */ = {
			isa = PBXResourcesBuildPhase;
			buildActionMask = 2147483647;
			files = (
				0A8C6AEE1F31890C00D4014E /* LaunchScreen.storyboard in Resources */,
				0AF90BC71F32C9FD000AFDFE /* GoogleService-Info.plist in Resources */,
				0A8C6AEB1F31890C00D4014E /* Assets.xcassets in Resources */,
				0A8C6AE61F31890C00D4014E /* Main.storyboard in Resources */,
			);
			runOnlyForDeploymentPostprocessing = 0;
		};
		0A8C6AF21F31890C00D4014E /* Resources */ = {
			isa = PBXResourcesBuildPhase;
			buildActionMask = 2147483647;
			files = (
			);
			runOnlyForDeploymentPostprocessing = 0;
		};
		0A8C6AFD1F31890C00D4014E /* Resources */ = {
			isa = PBXResourcesBuildPhase;
			buildActionMask = 2147483647;
			files = (
			);
			runOnlyForDeploymentPostprocessing = 0;
		};
/* End PBXResourcesBuildPhase section */

/* Begin PBXShellScriptBuildPhase section */
		0607E309648D078ADB5407F8 /* [CP] Embed Pods Frameworks */ = {
			isa = PBXShellScriptBuildPhase;
			buildActionMask = 2147483647;
			files = (
			);
			inputPaths = (
			);
			name = "[CP] Embed Pods Frameworks";
			outputPaths = (
			);
			runOnlyForDeploymentPostprocessing = 0;
			shellPath = /bin/sh;
			shellScript = "\"${SRCROOT}/Pods/Target Support Files/Pods-socialappTests/Pods-socialappTests-frameworks.sh\"\n";
			showEnvVarsInLog = 0;
		};
		496A9ABBD6BAF1A95F420880 /* [CP] Copy Pods Resources */ = {
			isa = PBXShellScriptBuildPhase;
			buildActionMask = 2147483647;
			files = (
			);
			inputPaths = (
			);
			name = "[CP] Copy Pods Resources";
			outputPaths = (
			);
			runOnlyForDeploymentPostprocessing = 0;
			shellPath = /bin/sh;
			shellScript = "\"${SRCROOT}/Pods/Target Support Files/Pods-socialappUITests/Pods-socialappUITests-resources.sh\"\n";
			showEnvVarsInLog = 0;
		};
		5C5C12E2F68AC4D9CCD530C4 /* [CP] Copy Pods Resources */ = {
			isa = PBXShellScriptBuildPhase;
			buildActionMask = 2147483647;
			files = (
			);
			inputPaths = (
			);
			name = "[CP] Copy Pods Resources";
			outputPaths = (
			);
			runOnlyForDeploymentPostprocessing = 0;
			shellPath = /bin/sh;
			shellScript = "\"${SRCROOT}/Pods/Target Support Files/Pods-socialapp/Pods-socialapp-resources.sh\"\n";
			showEnvVarsInLog = 0;
		};
		782E7BC07FA3B8E605464DAC /* [CP] Embed Pods Frameworks */ = {
			isa = PBXShellScriptBuildPhase;
			buildActionMask = 2147483647;
			files = (
			);
			inputPaths = (
				"${SRCROOT}/Pods/Target Support Files/Pods-socialapp/Pods-socialapp-frameworks.sh",
				"${BUILT_PRODUCTS_DIR}/Bolts/Bolts.framework",
				"${BUILT_PRODUCTS_DIR}/FBSDKCoreKit/FBSDKCoreKit.framework",
				"${BUILT_PRODUCTS_DIR}/FBSDKLoginKit/FBSDKLoginKit.framework",
				"${BUILT_PRODUCTS_DIR}/GTMSessionFetcher/GTMSessionFetcher.framework",
				"${BUILT_PRODUCTS_DIR}/GoogleToolboxForMac/GoogleToolboxForMac.framework",
				"${BUILT_PRODUCTS_DIR}/SwiftKeychainWrapper/SwiftKeychainWrapper.framework",
				"${BUILT_PRODUCTS_DIR}/nanopb/nanopb.framework",
			);
			name = "[CP] Embed Pods Frameworks";
			outputPaths = (
				"${TARGET_BUILD_DIR}/${FRAMEWORKS_FOLDER_PATH}/Bolts.framework",
				"${TARGET_BUILD_DIR}/${FRAMEWORKS_FOLDER_PATH}/FBSDKCoreKit.framework",
				"${TARGET_BUILD_DIR}/${FRAMEWORKS_FOLDER_PATH}/FBSDKLoginKit.framework",
				"${TARGET_BUILD_DIR}/${FRAMEWORKS_FOLDER_PATH}/GTMSessionFetcher.framework",
				"${TARGET_BUILD_DIR}/${FRAMEWORKS_FOLDER_PATH}/GoogleToolboxForMac.framework",
				"${TARGET_BUILD_DIR}/${FRAMEWORKS_FOLDER_PATH}/SwiftKeychainWrapper.framework",
				"${TARGET_BUILD_DIR}/${FRAMEWORKS_FOLDER_PATH}/nanopb.framework",
			);
			runOnlyForDeploymentPostprocessing = 0;
			shellPath = /bin/sh;
			shellScript = "\"${SRCROOT}/Pods/Target Support Files/Pods-socialapp/Pods-socialapp-frameworks.sh\"\n";
			showEnvVarsInLog = 0;
		};
		83760C2DAD5CF483275C265A /* [CP] Check Pods Manifest.lock */ = {
			isa = PBXShellScriptBuildPhase;
			buildActionMask = 2147483647;
			files = (
			);
			inputPaths = (
				"${PODS_PODFILE_DIR_PATH}/Podfile.lock",
				"${PODS_ROOT}/Manifest.lock",
			);
			name = "[CP] Check Pods Manifest.lock";
			outputPaths = (
				"$(DERIVED_FILE_DIR)/Pods-socialapp-checkManifestLockResult.txt",
			);
			runOnlyForDeploymentPostprocessing = 0;
			shellPath = /bin/sh;
			shellScript = "diff \"${PODS_PODFILE_DIR_PATH}/Podfile.lock\" \"${PODS_ROOT}/Manifest.lock\" > /dev/null\nif [ $? != 0 ] ; then\n    # print error to STDERR\n    echo \"error: The sandbox is not in sync with the Podfile.lock. Run 'pod install' or update your CocoaPods installation.\" >&2\n    exit 1\nfi\n# This output is used by Xcode 'outputs' to avoid re-running this script phase.\necho \"SUCCESS\" > \"${SCRIPT_OUTPUT_FILE_0}\"\n";
			showEnvVarsInLog = 0;
		};
		8B9DB9297EFDCD9F53D59C1C /* [CP] Embed Pods Frameworks */ = {
			isa = PBXShellScriptBuildPhase;
			buildActionMask = 2147483647;
			files = (
			);
			inputPaths = (
			);
			name = "[CP] Embed Pods Frameworks";
			outputPaths = (
			);
			runOnlyForDeploymentPostprocessing = 0;
			shellPath = /bin/sh;
			shellScript = "\"${SRCROOT}/Pods/Target Support Files/Pods-socialappUITests/Pods-socialappUITests-frameworks.sh\"\n";
			showEnvVarsInLog = 0;
		};
		D5D88F744EC3193E994948B5 /* [CP] Check Pods Manifest.lock */ = {
			isa = PBXShellScriptBuildPhase;
			buildActionMask = 2147483647;
			files = (
			);
			inputPaths = (
				"${PODS_PODFILE_DIR_PATH}/Podfile.lock",
				"${PODS_ROOT}/Manifest.lock",
			);
			name = "[CP] Check Pods Manifest.lock";
			outputPaths = (
				"$(DERIVED_FILE_DIR)/Pods-socialappTests-checkManifestLockResult.txt",
			);
			runOnlyForDeploymentPostprocessing = 0;
			shellPath = /bin/sh;
			shellScript = "diff \"${PODS_PODFILE_DIR_PATH}/Podfile.lock\" \"${PODS_ROOT}/Manifest.lock\" > /dev/null\nif [ $? != 0 ] ; then\n    # print error to STDERR\n    echo \"error: The sandbox is not in sync with the Podfile.lock. Run 'pod install' or update your CocoaPods installation.\" >&2\n    exit 1\nfi\n# This output is used by Xcode 'outputs' to avoid re-running this script phase.\necho \"SUCCESS\" > \"${SCRIPT_OUTPUT_FILE_0}\"\n";
			showEnvVarsInLog = 0;
		};
		E8AD30121B0EA5203BCEEE60 /* [CP] Check Pods Manifest.lock */ = {
			isa = PBXShellScriptBuildPhase;
			buildActionMask = 2147483647;
			files = (
			);
			inputPaths = (
				"${PODS_PODFILE_DIR_PATH}/Podfile.lock",
				"${PODS_ROOT}/Manifest.lock",
			);
			name = "[CP] Check Pods Manifest.lock";
			outputPaths = (
				"$(DERIVED_FILE_DIR)/Pods-socialappUITests-checkManifestLockResult.txt",
			);
			runOnlyForDeploymentPostprocessing = 0;
			shellPath = /bin/sh;
			shellScript = "diff \"${PODS_PODFILE_DIR_PATH}/Podfile.lock\" \"${PODS_ROOT}/Manifest.lock\" > /dev/null\nif [ $? != 0 ] ; then\n    # print error to STDERR\n    echo \"error: The sandbox is not in sync with the Podfile.lock. Run 'pod install' or update your CocoaPods installation.\" >&2\n    exit 1\nfi\n# This output is used by Xcode 'outputs' to avoid re-running this script phase.\necho \"SUCCESS\" > \"${SCRIPT_OUTPUT_FILE_0}\"\n";
			showEnvVarsInLog = 0;
		};
		EC76906BF229A18C53BBDEAE /* [CP] Copy Pods Resources */ = {
			isa = PBXShellScriptBuildPhase;
			buildActionMask = 2147483647;
			files = (
			);
			inputPaths = (
			);
			name = "[CP] Copy Pods Resources";
			outputPaths = (
			);
			runOnlyForDeploymentPostprocessing = 0;
			shellPath = /bin/sh;
			shellScript = "\"${SRCROOT}/Pods/Target Support Files/Pods-socialappTests/Pods-socialappTests-resources.sh\"\n";
			showEnvVarsInLog = 0;
		};
/* End PBXShellScriptBuildPhase section */

/* Begin PBXSourcesBuildPhase section */
		0A8C6AD91F31890C00D4014E /* Sources */ = {
			isa = PBXSourcesBuildPhase;
			buildActionMask = 2147483647;
			files = (
				0A433ADF1F4B80AD00714B02 /* PostTableViewCell.swift in Sources */,
				0AF90BD71F4A34F2000AFDFE /* FeedVC.swift in Sources */,
				0AF90BCF1F3553C1000AFDFE /* Constants.swift in Sources */,
				0A906CC81F5331F7000E1081 /* DataService.swift in Sources */,
				0A906CCA1F539034000E1081 /* Post.swift in Sources */,
				0A8C6AE31F31890C00D4014E /* LoginVC.swift in Sources */,
				0A8C6AE91F31890C00D4014E /* socialapp.xcdatamodeld in Sources */,
				0AF90BD11F355554000AFDFE /* RoundBtn.swift in Sources */,
				0AF90BCC1F3552CF000AFDFE /* FancyView.swift in Sources */,
				0A8978921F4B537F00F475E5 /* CircleView.swift in Sources */,
				0AF90BD31F35585C000AFDFE /* FancyField.swift in Sources */,
				0AF90BD51F355937000AFDFE /* FancyBtn.swift in Sources */,
				0A8C6AE11F31890C00D4014E /* AppDelegate.swift in Sources */,
			);
			runOnlyForDeploymentPostprocessing = 0;
		};
		0A8C6AF01F31890C00D4014E /* Sources */ = {
			isa = PBXSourcesBuildPhase;
			buildActionMask = 2147483647;
			files = (
				0A8C6AF91F31890C00D4014E /* socialappTests.swift in Sources */,
			);
			runOnlyForDeploymentPostprocessing = 0;
		};
		0A8C6AFB1F31890C00D4014E /* Sources */ = {
			isa = PBXSourcesBuildPhase;
			buildActionMask = 2147483647;
			files = (
				0A8C6B041F31890C00D4014E /* socialappUITests.swift in Sources */,
			);
			runOnlyForDeploymentPostprocessing = 0;
		};
/* End PBXSourcesBuildPhase section */

/* Begin PBXTargetDependency section */
		0A8C6AF61F31890C00D4014E /* PBXTargetDependency */ = {
			isa = PBXTargetDependency;
			target = 0A8C6ADC1F31890C00D4014E /* socialapp */;
			targetProxy = 0A8C6AF51F31890C00D4014E /* PBXContainerItemProxy */;
		};
		0A8C6B011F31890C00D4014E /* PBXTargetDependency */ = {
			isa = PBXTargetDependency;
			target = 0A8C6ADC1F31890C00D4014E /* socialapp */;
			targetProxy = 0A8C6B001F31890C00D4014E /* PBXContainerItemProxy */;
		};
/* End PBXTargetDependency section */

/* Begin PBXVariantGroup section */
		0A8C6AE41F31890C00D4014E /* Main.storyboard */ = {
			isa = PBXVariantGroup;
			children = (
				0A8C6AE51F31890C00D4014E /* Base */,
			);
			name = Main.storyboard;
			sourceTree = "<group>";
		};
		0A8C6AEC1F31890C00D4014E /* LaunchScreen.storyboard */ = {
			isa = PBXVariantGroup;
			children = (
				0A8C6AED1F31890C00D4014E /* Base */,
			);
			name = LaunchScreen.storyboard;
			sourceTree = "<group>";
		};
/* End PBXVariantGroup section */

/* Begin XCBuildConfiguration section */
		0A8C6B061F31890C00D4014E /* Debug */ = {
			isa = XCBuildConfiguration;
			buildSettings = {
				ALWAYS_SEARCH_USER_PATHS = NO;
				CLANG_ANALYZER_NONNULL = YES;
				CLANG_ANALYZER_NUMBER_OBJECT_CONVERSION = YES_AGGRESSIVE;
				CLANG_CXX_LANGUAGE_STANDARD = "gnu++14";
				CLANG_CXX_LIBRARY = "libc++";
				CLANG_ENABLE_MODULES = YES;
				CLANG_ENABLE_OBJC_ARC = YES;
				CLANG_WARN_BLOCK_CAPTURE_AUTORELEASING = YES;
				CLANG_WARN_BOOL_CONVERSION = YES;
				CLANG_WARN_COMMA = YES;
				CLANG_WARN_CONSTANT_CONVERSION = YES;
				CLANG_WARN_DIRECT_OBJC_ISA_USAGE = YES_ERROR;
				CLANG_WARN_DOCUMENTATION_COMMENTS = YES;
				CLANG_WARN_EMPTY_BODY = YES;
				CLANG_WARN_ENUM_CONVERSION = YES;
				CLANG_WARN_INFINITE_RECURSION = YES;
				CLANG_WARN_INT_CONVERSION = YES;
				CLANG_WARN_NON_LITERAL_NULL_CONVERSION = YES;
				CLANG_WARN_OBJC_LITERAL_CONVERSION = YES;
				CLANG_WARN_OBJC_ROOT_CLASS = YES_ERROR;
				CLANG_WARN_RANGE_LOOP_ANALYSIS = YES;
				CLANG_WARN_STRICT_PROTOTYPES = YES;
				CLANG_WARN_SUSPICIOUS_MOVE = YES;
				CLANG_WARN_UNGUARDED_AVAILABILITY = YES_AGGRESSIVE;
				CLANG_WARN_UNREACHABLE_CODE = YES;
				CLANG_WARN__DUPLICATE_METHOD_MATCH = YES;
				CODE_SIGN_IDENTITY = "iPhone Developer";
				COPY_PHASE_STRIP = NO;
				DEBUG_INFORMATION_FORMAT = dwarf;
				ENABLE_STRICT_OBJC_MSGSEND = YES;
				ENABLE_TESTABILITY = YES;
				GCC_C_LANGUAGE_STANDARD = gnu11;
				GCC_DYNAMIC_NO_PIC = NO;
				GCC_NO_COMMON_BLOCKS = YES;
				GCC_OPTIMIZATION_LEVEL = 0;
				GCC_PREPROCESSOR_DEFINITIONS = (
					"DEBUG=1",
					"$(inherited)",
				);
				GCC_WARN_64_TO_32_BIT_CONVERSION = YES;
				GCC_WARN_ABOUT_RETURN_TYPE = YES_ERROR;
				GCC_WARN_UNDECLARED_SELECTOR = YES;
				GCC_WARN_UNINITIALIZED_AUTOS = YES_AGGRESSIVE;
				GCC_WARN_UNUSED_FUNCTION = YES;
				GCC_WARN_UNUSED_VARIABLE = YES;
				IPHONEOS_DEPLOYMENT_TARGET = 11.0;
				MTL_ENABLE_DEBUG_INFO = YES;
				ONLY_ACTIVE_ARCH = YES;
				SDKROOT = iphoneos;
				SWIFT_ACTIVE_COMPILATION_CONDITIONS = DEBUG;
				SWIFT_OPTIMIZATION_LEVEL = "-Onone";
			};
			name = Debug;
		};
		0A8C6B071F31890C00D4014E /* Release */ = {
			isa = XCBuildConfiguration;
			buildSettings = {
				ALWAYS_SEARCH_USER_PATHS = NO;
				CLANG_ANALYZER_NONNULL = YES;
				CLANG_ANALYZER_NUMBER_OBJECT_CONVERSION = YES_AGGRESSIVE;
				CLANG_CXX_LANGUAGE_STANDARD = "gnu++14";
				CLANG_CXX_LIBRARY = "libc++";
				CLANG_ENABLE_MODULES = YES;
				CLANG_ENABLE_OBJC_ARC = YES;
				CLANG_WARN_BLOCK_CAPTURE_AUTORELEASING = YES;
				CLANG_WARN_BOOL_CONVERSION = YES;
				CLANG_WARN_COMMA = YES;
				CLANG_WARN_CONSTANT_CONVERSION = YES;
				CLANG_WARN_DIRECT_OBJC_ISA_USAGE = YES_ERROR;
				CLANG_WARN_DOCUMENTATION_COMMENTS = YES;
				CLANG_WARN_EMPTY_BODY = YES;
				CLANG_WARN_ENUM_CONVERSION = YES;
				CLANG_WARN_INFINITE_RECURSION = YES;
				CLANG_WARN_INT_CONVERSION = YES;
				CLANG_WARN_NON_LITERAL_NULL_CONVERSION = YES;
				CLANG_WARN_OBJC_LITERAL_CONVERSION = YES;
				CLANG_WARN_OBJC_ROOT_CLASS = YES_ERROR;
				CLANG_WARN_RANGE_LOOP_ANALYSIS = YES;
				CLANG_WARN_STRICT_PROTOTYPES = YES;
				CLANG_WARN_SUSPICIOUS_MOVE = YES;
				CLANG_WARN_UNGUARDED_AVAILABILITY = YES_AGGRESSIVE;
				CLANG_WARN_UNREACHABLE_CODE = YES;
				CLANG_WARN__DUPLICATE_METHOD_MATCH = YES;
				CODE_SIGN_IDENTITY = "iPhone Developer";
				COPY_PHASE_STRIP = NO;
				DEBUG_INFORMATION_FORMAT = "dwarf-with-dsym";
				ENABLE_NS_ASSERTIONS = NO;
				ENABLE_STRICT_OBJC_MSGSEND = YES;
				GCC_C_LANGUAGE_STANDARD = gnu11;
				GCC_NO_COMMON_BLOCKS = YES;
				GCC_WARN_64_TO_32_BIT_CONVERSION = YES;
				GCC_WARN_ABOUT_RETURN_TYPE = YES_ERROR;
				GCC_WARN_UNDECLARED_SELECTOR = YES;
				GCC_WARN_UNINITIALIZED_AUTOS = YES_AGGRESSIVE;
				GCC_WARN_UNUSED_FUNCTION = YES;
				GCC_WARN_UNUSED_VARIABLE = YES;
				IPHONEOS_DEPLOYMENT_TARGET = 11.0;
				MTL_ENABLE_DEBUG_INFO = NO;
				SDKROOT = iphoneos;
				SWIFT_OPTIMIZATION_LEVEL = "-Owholemodule";
				VALIDATE_PRODUCT = YES;
			};
			name = Release;
		};
		0A8C6B091F31890C00D4014E /* Debug */ = {
			isa = XCBuildConfiguration;
			baseConfigurationReference = D852D44B5F50F1E34EAC3CBA /* Pods-socialapp.debug.xcconfig */;
			buildSettings = {
				ASSETCATALOG_COMPILER_APPICON_NAME = AppIcon;
				CODE_SIGN_STYLE = Manual;
				DEVELOPMENT_TEAM = "";
				INFOPLIST_FILE = socialapp/Info.plist;
				LD_RUNPATH_SEARCH_PATHS = "$(inherited) @executable_path/Frameworks";
				PRODUCT_BUNDLE_IDENTIFIER = com.shengtech.ios.socialapp;
				PRODUCT_NAME = "$(TARGET_NAME)";
				PROVISIONING_PROFILE_SPECIFIER = "";
				SWIFT_VERSION = 4.0;
				TARGETED_DEVICE_FAMILY = "1,2";
			};
			name = Debug;
		};
		0A8C6B0A1F31890C00D4014E /* Release */ = {
			isa = XCBuildConfiguration;
			baseConfigurationReference = 75E23D8A10CB05B6E2DA2EDD /* Pods-socialapp.release.xcconfig */;
			buildSettings = {
				ASSETCATALOG_COMPILER_APPICON_NAME = AppIcon;
				CODE_SIGN_STYLE = Manual;
				DEVELOPMENT_TEAM = "";
				INFOPLIST_FILE = socialapp/Info.plist;
				LD_RUNPATH_SEARCH_PATHS = "$(inherited) @executable_path/Frameworks";
				PRODUCT_BUNDLE_IDENTIFIER = com.shengtech.ios.socialapp;
				PRODUCT_NAME = "$(TARGET_NAME)";
				PROVISIONING_PROFILE_SPECIFIER = "";
				SWIFT_VERSION = 4.0;
				TARGETED_DEVICE_FAMILY = "1,2";
			};
			name = Release;
		};
		0A8C6B0C1F31890C00D4014E /* Debug */ = {
			isa = XCBuildConfiguration;
			baseConfigurationReference = 753636F653A5AE834E41648A /* Pods-socialappTests.debug.xcconfig */;
			buildSettings = {
				ALWAYS_EMBED_SWIFT_STANDARD_LIBRARIES = YES;
				BUNDLE_LOADER = "$(TEST_HOST)";
				DEVELOPMENT_TEAM = 2D8789GS2M;
				INFOPLIST_FILE = socialappTests/Info.plist;
				LD_RUNPATH_SEARCH_PATHS = "$(inherited) @executable_path/Frameworks @loader_path/Frameworks";
				PRODUCT_BUNDLE_IDENTIFIER = com.shengtech.ios.socialappTests;
				PRODUCT_NAME = "$(TARGET_NAME)";
				SWIFT_VERSION = 4.0;
				TARGETED_DEVICE_FAMILY = "1,2";
				TEST_HOST = "$(BUILT_PRODUCTS_DIR)/socialapp.app/socialapp";
			};
			name = Debug;
		};
		0A8C6B0D1F31890C00D4014E /* Release */ = {
			isa = XCBuildConfiguration;
			baseConfigurationReference = 43C9079CA436405A295EFFA0 /* Pods-socialappTests.release.xcconfig */;
			buildSettings = {
				ALWAYS_EMBED_SWIFT_STANDARD_LIBRARIES = YES;
				BUNDLE_LOADER = "$(TEST_HOST)";
				DEVELOPMENT_TEAM = 2D8789GS2M;
				INFOPLIST_FILE = socialappTests/Info.plist;
				LD_RUNPATH_SEARCH_PATHS = "$(inherited) @executable_path/Frameworks @loader_path/Frameworks";
				PRODUCT_BUNDLE_IDENTIFIER = com.shengtech.ios.socialappTests;
				PRODUCT_NAME = "$(TARGET_NAME)";
				SWIFT_VERSION = 4.0;
				TARGETED_DEVICE_FAMILY = "1,2";
				TEST_HOST = "$(BUILT_PRODUCTS_DIR)/socialapp.app/socialapp";
			};
			name = Release;
		};
		0A8C6B0F1F31890C00D4014E /* Debug */ = {
			isa = XCBuildConfiguration;
			baseConfigurationReference = 6905D581FDDD3136F761F455 /* Pods-socialappUITests.debug.xcconfig */;
			buildSettings = {
				ALWAYS_EMBED_SWIFT_STANDARD_LIBRARIES = YES;
				DEVELOPMENT_TEAM = 2D8789GS2M;
				INFOPLIST_FILE = socialappUITests/Info.plist;
				LD_RUNPATH_SEARCH_PATHS = "$(inherited) @executable_path/Frameworks @loader_path/Frameworks";
				PRODUCT_BUNDLE_IDENTIFIER = com.shengtech.ios.socialappUITests;
				PRODUCT_NAME = "$(TARGET_NAME)";
				SWIFT_VERSION = 4.0;
				TARGETED_DEVICE_FAMILY = "1,2";
				TEST_TARGET_NAME = socialapp;
			};
			name = Debug;
		};
		0A8C6B101F31890C00D4014E /* Release */ = {
			isa = XCBuildConfiguration;
			baseConfigurationReference = A3C3785B8C1B456E465B7403 /* Pods-socialappUITests.release.xcconfig */;
			buildSettings = {
				ALWAYS_EMBED_SWIFT_STANDARD_LIBRARIES = YES;
				DEVELOPMENT_TEAM = 2D8789GS2M;
				INFOPLIST_FILE = socialappUITests/Info.plist;
				LD_RUNPATH_SEARCH_PATHS = "$(inherited) @executable_path/Frameworks @loader_path/Frameworks";
				PRODUCT_BUNDLE_IDENTIFIER = com.shengtech.ios.socialappUITests;
				PRODUCT_NAME = "$(TARGET_NAME)";
				SWIFT_VERSION = 4.0;
				TARGETED_DEVICE_FAMILY = "1,2";
				TEST_TARGET_NAME = socialapp;
			};
			name = Release;
		};
/* End XCBuildConfiguration section */

/* Begin XCConfigurationList section */
		0A8C6AD81F31890C00D4014E /* Build configuration list for PBXProject "socialapp" */ = {
			isa = XCConfigurationList;
			buildConfigurations = (
				0A8C6B061F31890C00D4014E /* Debug */,
				0A8C6B071F31890C00D4014E /* Release */,
			);
			defaultConfigurationIsVisible = 0;
			defaultConfigurationName = Release;
		};
		0A8C6B081F31890C00D4014E /* Build configuration list for PBXNativeTarget "socialapp" */ = {
			isa = XCConfigurationList;
			buildConfigurations = (
				0A8C6B091F31890C00D4014E /* Debug */,
				0A8C6B0A1F31890C00D4014E /* Release */,
			);
			defaultConfigurationIsVisible = 0;
			defaultConfigurationName = Release;
		};
		0A8C6B0B1F31890C00D4014E /* Build configuration list for PBXNativeTarget "socialappTests" */ = {
			isa = XCConfigurationList;
			buildConfigurations = (
				0A8C6B0C1F31890C00D4014E /* Debug */,
				0A8C6B0D1F31890C00D4014E /* Release */,
			);
			defaultConfigurationIsVisible = 0;
			defaultConfigurationName = Release;
		};
		0A8C6B0E1F31890C00D4014E /* Build configuration list for PBXNativeTarget "socialappUITests" */ = {
			isa = XCConfigurationList;
			buildConfigurations = (
				0A8C6B0F1F31890C00D4014E /* Debug */,
				0A8C6B101F31890C00D4014E /* Release */,
			);
			defaultConfigurationIsVisible = 0;
			defaultConfigurationName = Release;
		};
/* End XCConfigurationList section */

/* Begin XCVersionGroup section */
		0A8C6AE71F31890C00D4014E /* socialapp.xcdatamodeld */ = {
			isa = XCVersionGroup;
			children = (
				0A8C6AE81F31890C00D4014E /* socialapp.xcdatamodel */,
			);
			currentVersion = 0A8C6AE81F31890C00D4014E /* socialapp.xcdatamodel */;
			path = socialapp.xcdatamodeld;
			sourceTree = "<group>";
			versionGroupType = wrapper.xcdatamodel;
		};
/* End XCVersionGroup section */
	};
	rootObject = 0A8C6AD51F31890C00D4014E /* Project object */;
}
